
Microsoft Visual Studio Solution File, Format Version 12.00
Project("{FAE04EC0-301F-11D3-BF4B-00C04F79EFBC}") = "LeetCode.TopInterview", "LeetCode.TopInterview\LeetCode.TopInterview.csproj", "{098A0B37-D090-4979-968D-AC7E549C0EB7}"
EndProject
Global
	GlobalSection(SolutionConfigurationPlatforms) = preSolution
		Debug|Any CPU = Debug|Any CPU
		Release|Any CPU = Release|Any CPU
	EndGlobalSection
	GlobalSection(ProjectConfigurationPlatforms) = postSolution
		{098A0B37-D090-4979-968D-AC7E549C0EB7}.Debug|Any CPU.ActiveCfg = Debug|Any CPU
		{098A0B37-D090-4979-968D-AC7E549C0EB7}.Debug|Any CPU.Build.0 = Debug|Any CPU
		{098A0B37-D090-4979-968D-AC7E549C0EB7}.Release|Any CPU.ActiveCfg = Release|Any CPU
		{098A0B37-D090-4979-968D-AC7E549C0EB7}.Release|Any CPU.Build.0 = Release|Any CPU
	EndGlobalSection
EndGlobal
